<?xml version="1.0" encoding="utf-8"?>
<Project ToolsVersion="4.0" xmlns="http://schemas.microsoft.com/developer/msbuild/2003">
  <ItemGroup>
    <Filter Include="源文件">
      <UniqueIdentifier>{4FC737F1-C7A5-4376-A066-2A32D752A2FF}</UniqueIdentifier>
      <Extensions>cpp;c;cc;cxx;def;odl;idl;hpj;bat;asm;asmx</Extensions>
    </Filter>
    <Filter Include="头文件">
      <UniqueIdentifier>{93995380-89BD-4b04-88EB-625FBE52EBFB}</UniqueIdentifier>
      <Extensions>h;hh;hpp;hxx;hm;inl;inc;ipp;xsd</Extensions>
    </Filter>
    <Filter Include="资源文件">
      <UniqueIdentifier>{67DA6AB6-F800-4c08-8B7A-83BB121AAD01}</UniqueIdentifier>
      <Extensions>rc;ico;cur;bmp;dlg;rc2;rct;bin;rgs;gif;jpg;jpeg;jpe;resx;tiff;tif;png;wav;mfcribbon-ms</Extensions>
    </Filter>
    <Filter Include="源文件\imgui">
      <UniqueIdentifier>{80a7d694-29f7-4c8e-8a5a-5f308d39285d}</UniqueIdentifier>
    </Filter>
    <Filter Include="源文件\GL3w">
      <UniqueIdentifier>{023d1e48-4b90-45c1-97fe-5a924be242b2}</UniqueIdentifier>
    </Filter>
    <Filter Include="源文件\console">
      <UniqueIdentifier>{a6594441-39d5-487a-bd23-379f0aa93a88}</UniqueIdentifier>
    </Filter>
    <Filter Include="源文件\objects">
      <UniqueIdentifier>{58968dec-8543-48a7-a564-bba6e055d372}</UniqueIdentifier>
    </Filter>
    <Filter Include="源文件\interactor">
      <UniqueIdentifier>{d0d562a0-f5c7-4fe0-92eb-fa5e28154680}</UniqueIdentifier>
    </Filter>
  </ItemGroup>
  <ItemGroup>
    <ClCompile Include="src\main.cpp">
      <Filter>源文件</Filter>
    </ClCompile>
    <ClCompile Include="thirdLib\imgui\imgui.cpp">
      <Filter>源文件\imgui</Filter>
    </ClCompile>
    <ClCompile Include="thirdLib\imgui\imgui_demo.cpp">
      <Filter>源文件\imgui</Filter>
    </ClCompile>
    <ClCompile Include="thirdLib\imgui\imgui_draw.cpp">
      <Filter>源文件\imgui</Filter>
    </ClCompile>
    <ClCompile Include="thirdLib\imgui\imgui_widgets.cpp">
      <Filter>源文件\imgui</Filter>
    </ClCompile>
    <ClCompile Include="thirdLib\imgui\imgui_tables.cpp">
      <Filter>源文件\imgui</Filter>
    </ClCompile>
    <ClCompile Include="thirdLib\imgui\imgui_impl_glfw.cpp">
      <Filter>源文件\imgui</Filter>
    </ClCompile>
    <ClCompile Include="thirdLib\imgui\imgui_impl_opengl3.cpp">
      <Filter>源文件\imgui</Filter>
    </ClCompile>
    <ClCompile Include="thirdLib\GL\gl3w.c">
      <Filter>源文件\GL3w</Filter>
    </ClCompile>
    <ClCompile Include="baseObject.cpp">
      <Filter>源文件\objects</Filter>
    </ClCompile>
    <ClCompile Include="nodesTreeViews.cpp">
      <Filter>源文件\console</Filter>
    </ClCompile>
    <ClCompile Include="geometryObject.cpp">
      <Filter>源文件\objects</Filter>
    </ClCompile>
    <ClCompile Include="materialObject.cpp">
      <Filter>源文件\objects</Filter>
    </ClCompile>
    <ClCompile Include="fbxReader.cpp">
      <Filter>源文件\interactor</Filter>
    </ClCompile>
  </ItemGroup>
  <ItemGroup>
    <ClInclude Include="include\openGLEnv.h">
      <Filter>头文件</Filter>
    </ClInclude>
    <ClInclude Include="thirdLib\imgui\imconfig.h">
      <Filter>头文件</Filter>
    </ClInclude>
    <ClInclude Include="baseObject.h">
      <Filter>头文件</Filter>
    </ClInclude>
    <ClInclude Include="nodesTreeViews.h">
      <Filter>头文件</Filter>
    </ClInclude>
    <ClInclude Include="geometryObject.h">
      <Filter>头文件</Filter>
    </ClInclude>
    <ClInclude Include="materialObject.h">
      <Filter>头文件</Filter>
    </ClInclude>
    <ClInclude Include="fbxReader.h">
      <Filter>头文件</Filter>
    </ClInclude>
    <ClInclude Include="fbxGeometryInfo.h">
      <Filter>头文件</Filter>
    </ClInclude>
  </ItemGroup>
</Project>